// !$*UTF8*$!
{
	archiveVersion = 1;
	classes = {
	};
	objectVersion = 55;
	objects = {

/* Begin PBXBuildFile section */
		B87AB5062835449000152C16 /* TaskViewModel.swift in Sources */ = {isa = PBXBuildFile; fileRef = B87AB5052835449000152C16 /* TaskViewModel.swift */; };
		B87AB50828354C0300152C16 /* AddNewTask.swift in Sources */ = {isa = PBXBuildFile; fileRef = B87AB50728354C0300152C16 /* AddNewTask.swift */; };
		B88B24DC2833C894008382BF /* Tests_iOS.swift in Sources */ = {isa = PBXBuildFile; fileRef = B88B24DB2833C894008382BF /* Tests_iOS.swift */; };
		B88B24DE2833C894008382BF /* Tests_iOSLaunchTests.swift in Sources */ = {isa = PBXBuildFile; fileRef = B88B24DD2833C894008382BF /* Tests_iOSLaunchTests.swift */; };
		B88B24E82833C894008382BF /* Tests_macOS.swift in Sources */ = {isa = PBXBuildFile; fileRef = B88B24E72833C894008382BF /* Tests_macOS.swift */; };
		B88B24EA2833C894008382BF /* Tests_macOSLaunchTests.swift in Sources */ = {isa = PBXBuildFile; fileRef = B88B24E92833C894008382BF /* Tests_macOSLaunchTests.swift */; };
		B88B24ED2833C894008382BF /* BankerApp.swift in Sources */ = {isa = PBXBuildFile; fileRef = B88B24C22833C892008382BF /* BankerApp.swift */; };
		B88B24EE2833C894008382BF /* BankerApp.swift in Sources */ = {isa = PBXBuildFile; fileRef = B88B24C22833C892008382BF /* BankerApp.swift */; };
		B88B24EF2833C894008382BF /* ContentView.swift in Sources */ = {isa = PBXBuildFile; fileRef = B88B24C32833C892008382BF /* ContentView.swift */; };
		B88B24F02833C894008382BF /* ContentView.swift in Sources */ = {isa = PBXBuildFile; fileRef = B88B24C32833C892008382BF /* ContentView.swift */; };
		B88B24F12833C894008382BF /* Persistence.swift in Sources */ = {isa = PBXBuildFile; fileRef = B88B24C42833C892008382BF /* Persistence.swift */; };
		B88B24F22833C894008382BF /* Persistence.swift in Sources */ = {isa = PBXBuildFile; fileRef = B88B24C42833C892008382BF /* Persistence.swift */; };
		B88B24F32833C894008382BF /* Assets.xcassets in Resources */ = {isa = PBXBuildFile; fileRef = B88B24C52833C894008382BF /* Assets.xcassets */; };
		B88B24F42833C894008382BF /* Assets.xcassets in Resources */ = {isa = PBXBuildFile; fileRef = B88B24C52833C894008382BF /* Assets.xcassets */; };
		B88B25062833CC56008382BF /* Home.swift in Sources */ = {isa = PBXBuildFile; fileRef = B88B25052833CC56008382BF /* Home.swift */; };
		B88B25092833CE2E008382BF /* .swiftlint.yml in Resources */ = {isa = PBXBuildFile; fileRef = B88B25082833CE2E008382BF /* .swiftlint.yml */; };
/* End PBXBuildFile section */

/* Begin PBXContainerItemProxy section */
		B88B24D82833C894008382BF /* PBXContainerItemProxy */ = {
			isa = PBXContainerItemProxy;
			containerPortal = B88B24BB2833C892008382BF /* Project object */;
			proxyType = 1;
			remoteGlobalIDString = B88B24C92833C894008382BF;
			remoteInfo = "Banker (iOS)";
		};
		B88B24E42833C894008382BF /* PBXContainerItemProxy */ = {
			isa = PBXContainerItemProxy;
			containerPortal = B88B24BB2833C892008382BF /* Project object */;
			proxyType = 1;
			remoteGlobalIDString = B88B24CF2833C894008382BF;
			remoteInfo = "Banker (macOS)";
		};
/* End PBXContainerItemProxy section */

/* Begin PBXFileReference section */
		B87AB5052835449000152C16 /* TaskViewModel.swift */ = {isa = PBXFileReference; lastKnownFileType = sourcecode.swift; path = TaskViewModel.swift; sourceTree = "<group>"; };
		B87AB50728354C0300152C16 /* AddNewTask.swift */ = {isa = PBXFileReference; lastKnownFileType = sourcecode.swift; path = AddNewTask.swift; sourceTree = "<group>"; };
		B88B24C22833C892008382BF /* BankerApp.swift */ = {isa = PBXFileReference; lastKnownFileType = sourcecode.swift; path = BankerApp.swift; sourceTree = "<group>"; };
		B88B24C32833C892008382BF /* ContentView.swift */ = {isa = PBXFileReference; lastKnownFileType = sourcecode.swift; path = ContentView.swift; sourceTree = "<group>"; };
		B88B24C42833C892008382BF /* Persistence.swift */ = {isa = PBXFileReference; lastKnownFileType = sourcecode.swift; path = Persistence.swift; sourceTree = "<group>"; };
		B88B24C52833C894008382BF /* Assets.xcassets */ = {isa = PBXFileReference; lastKnownFileType = folder.assetcatalog; path = Assets.xcassets; sourceTree = "<group>"; };
		B88B24CA2833C894008382BF /* Banker.app */ = {isa = PBXFileReference; explicitFileType = wrapper.application; includeInIndex = 0; path = Banker.app; sourceTree = BUILT_PRODUCTS_DIR; };
		B88B24D02833C894008382BF /* Banker.app */ = {isa = PBXFileReference; explicitFileType = wrapper.application; includeInIndex = 0; path = Banker.app; sourceTree = BUILT_PRODUCTS_DIR; };
		B88B24D22833C894008382BF /* macOS.entitlements */ = {isa = PBXFileReference; lastKnownFileType = text.plist.entitlements; path = macOS.entitlements; sourceTree = "<group>"; };
		B88B24D72833C894008382BF /* Tests iOS.xctest */ = {isa = PBXFileReference; explicitFileType = wrapper.cfbundle; includeInIndex = 0; path = "Tests iOS.xctest"; sourceTree = BUILT_PRODUCTS_DIR; };
		B88B24DB2833C894008382BF /* Tests_iOS.swift */ = {isa = PBXFileReference; lastKnownFileType = sourcecode.swift; path = Tests_iOS.swift; sourceTree = "<group>"; };
		B88B24DD2833C894008382BF /* Tests_iOSLaunchTests.swift */ = {isa = PBXFileReference; lastKnownFileType = sourcecode.swift; path = Tests_iOSLaunchTests.swift; sourceTree = "<group>"; };
		B88B24E32833C894008382BF /* Tests macOS.xctest */ = {isa = PBXFileReference; explicitFileType = wrapper.cfbundle; includeInIndex = 0; path = "Tests macOS.xctest"; sourceTree = BUILT_PRODUCTS_DIR; };
		B88B24E72833C894008382BF /* Tests_macOS.swift */ = {isa = PBXFileReference; lastKnownFileType = sourcecode.swift; path = Tests_macOS.swift; sourceTree = "<group>"; };
		B88B24E92833C894008382BF /* Tests_macOSLaunchTests.swift */ = {isa = PBXFileReference; lastKnownFileType = sourcecode.swift; path = Tests_macOSLaunchTests.swift; sourceTree = "<group>"; };
		B88B25052833CC56008382BF /* Home.swift */ = {isa = PBXFileReference; lastKnownFileType = sourcecode.swift; path = Home.swift; sourceTree = "<group>"; wrapsLines = 1; };
		B88B25082833CE2E008382BF /* .swiftlint.yml */ = {isa = PBXFileReference; lastKnownFileType = text.yaml; path = .swiftlint.yml; sourceTree = "<group>"; };
/* End PBXFileReference section */

/* Begin PBXFrameworksBuildPhase section */
		B88B24C72833C894008382BF /* Frameworks */ = {
			isa = PBXFrameworksBuildPhase;
			buildActionMask = 2147483647;
			files = (
			);
			runOnlyForDeploymentPostprocessing = 0;
		};
		B88B24CD2833C894008382BF /* Frameworks */ = {
			isa = PBXFrameworksBuildPhase;
			buildActionMask = 2147483647;
			files = (
			);
			runOnlyForDeploymentPostprocessing = 0;
		};
		B88B24D42833C894008382BF /* Frameworks */ = {
			isa = PBXFrameworksBuildPhase;
			buildActionMask = 2147483647;
			files = (
			);
			runOnlyForDeploymentPostprocessing = 0;
		};
		B88B24E02833C894008382BF /* Frameworks */ = {
			isa = PBXFrameworksBuildPhase;
			buildActionMask = 2147483647;
			files = (
			);
			runOnlyForDeploymentPostprocessing = 0;
		};
/* End PBXFrameworksBuildPhase section */

/* Begin PBXGroup section */
		B88B24BA2833C892008382BF = {
			isa = PBXGroup;
			children = (
				B88B25082833CE2E008382BF /* .swiftlint.yml */,
				B88B24BF2833C892008382BF /* Shared */,
				B88B24D12833C894008382BF /* macOS */,
				B88B24DA2833C894008382BF /* Tests iOS */,
				B88B24E62833C894008382BF /* Tests macOS */,
				B88B24CB2833C894008382BF /* Products */,
			);
			sourceTree = "<group>";
		};
		B88B24BF2833C892008382BF /* Shared */ = {
			isa = PBXGroup;
			children = (
				B88B25042833CC46008382BF /* View */,
				B88B25032833CC34008382BF /* ViewModel */,
				B88B24C22833C892008382BF /* BankerApp.swift */,
				B88B24C32833C892008382BF /* ContentView.swift */,
				B88B24C42833C892008382BF /* Persistence.swift */,
				B88B24C52833C894008382BF /* Assets.xcassets */,
			);
			path = Shared;
			sourceTree = "<group>";
		};
		B88B24CB2833C894008382BF /* Products */ = {
			isa = PBXGroup;
			children = (
				B88B24CA2833C894008382BF /* Banker.app */,
				B88B24D02833C894008382BF /* Banker.app */,
				B88B24D72833C894008382BF /* Tests iOS.xctest */,
				B88B24E32833C894008382BF /* Tests macOS.xctest */,
			);
			name = Products;
			sourceTree = "<group>";
		};
		B88B24D12833C894008382BF /* macOS */ = {
			isa = PBXGroup;
			children = (
				B88B24D22833C894008382BF /* macOS.entitlements */,
			);
			path = macOS;
			sourceTree = "<group>";
		};
		B88B24DA2833C894008382BF /* Tests iOS */ = {
			isa = PBXGroup;
			children = (
				B88B24DB2833C894008382BF /* Tests_iOS.swift */,
				B88B24DD2833C894008382BF /* Tests_iOSLaunchTests.swift */,
			);
			path = "Tests iOS";
			sourceTree = "<group>";
		};
		B88B24E62833C894008382BF /* Tests macOS */ = {
			isa = PBXGroup;
			children = (
				B88B24E72833C894008382BF /* Tests_macOS.swift */,
				B88B24E92833C894008382BF /* Tests_macOSLaunchTests.swift */,
			);
			path = "Tests macOS";
			sourceTree = "<group>";
		};
		B88B25032833CC34008382BF /* ViewModel */ = {
			isa = PBXGroup;
			children = (
				B87AB5052835449000152C16 /* TaskViewModel.swift */,
			);
			path = ViewModel;
			sourceTree = "<group>";
		};
		B88B25042833CC46008382BF /* View */ = {
			isa = PBXGroup;
			children = (
				B88B25052833CC56008382BF /* Home.swift */,
				B87AB50728354C0300152C16 /* AddNewTask.swift */,
			);
			path = View;
			sourceTree = "<group>";
		};
/* End PBXGroup section */

/* Begin PBXNativeTarget section */
		B88B24C92833C894008382BF /* Banker (iOS) */ = {
			isa = PBXNativeTarget;
			buildConfigurationList = B88B24F72833C894008382BF /* Build configuration list for PBXNativeTarget "Banker (iOS)" */;
			buildPhases = (
				B88B25072833CD97008382BF /* Swift Lint */,
				B88B24C62833C894008382BF /* Sources */,
				B88B24C72833C894008382BF /* Frameworks */,
				B88B24C82833C894008382BF /* Resources */,
			);
			buildRules = (
			);
			dependencies = (
			);
			name = "Banker (iOS)";
			productName = "Banker (iOS)";
			productReference = B88B24CA2833C894008382BF /* Banker.app */;
			productType = "com.apple.product-type.application";
		};
		B88B24CF2833C894008382BF /* Banker (macOS) */ = {
			isa = PBXNativeTarget;
			buildConfigurationList = B88B24FA2833C894008382BF /* Build configuration list for PBXNativeTarget "Banker (macOS)" */;
			buildPhases = (
				B88B24CC2833C894008382BF /* Sources */,
				B88B24CD2833C894008382BF /* Frameworks */,
				B88B24CE2833C894008382BF /* Resources */,
			);
			buildRules = (
			);
			dependencies = (
			);
			name = "Banker (macOS)";
			productName = "Banker (macOS)";
			productReference = B88B24D02833C894008382BF /* Banker.app */;
			productType = "com.apple.product-type.application";
		};
		B88B24D62833C894008382BF /* Tests iOS */ = {
			isa = PBXNativeTarget;
			buildConfigurationList = B88B24FD2833C894008382BF /* Build configuration list for PBXNativeTarget "Tests iOS" */;
			buildPhases = (
				B88B24D32833C894008382BF /* Sources */,
				B88B24D42833C894008382BF /* Frameworks */,
				B88B24D52833C894008382BF /* Resources */,
			);
			buildRules = (
			);
			dependencies = (
				B88B24D92833C894008382BF /* PBXTargetDependency */,
			);
			name = "Tests iOS";
			productName = "Tests iOS";
			productReference = B88B24D72833C894008382BF /* Tests iOS.xctest */;
			productType = "com.apple.product-type.bundle.ui-testing";
		};
		B88B24E22833C894008382BF /* Tests macOS */ = {
			isa = PBXNativeTarget;
			buildConfigurationList = B88B25002833C894008382BF /* Build configuration list for PBXNativeTarget "Tests macOS" */;
			buildPhases = (
				B88B24DF2833C894008382BF /* Sources */,
				B88B24E02833C894008382BF /* Frameworks */,
				B88B24E12833C894008382BF /* Resources */,
			);
			buildRules = (
			);
			dependencies = (
				B88B24E52833C894008382BF /* PBXTargetDependency */,
			);
			name = "Tests macOS";
			productName = "Tests macOS";
			productReference = B88B24E32833C894008382BF /* Tests macOS.xctest */;
			productType = "com.apple.product-type.bundle.ui-testing";
		};
/* End PBXNativeTarget section */

/* Begin PBXProject section */
		B88B24BB2833C892008382BF /* Project object */ = {
			isa = PBXProject;
			attributes = {
				BuildIndependentTargetsInParallel = 1;
				LastSwiftUpdateCheck = 1330;
				LastUpgradeCheck = 1330;
				TargetAttributes = {
					B88B24C92833C894008382BF = {
						CreatedOnToolsVersion = 13.3.1;
					};
					B88B24CF2833C894008382BF = {
						CreatedOnToolsVersion = 13.3.1;
					};
					B88B24D62833C894008382BF = {
						CreatedOnToolsVersion = 13.3.1;
						TestTargetID = B88B24C92833C894008382BF;
					};
					B88B24E22833C894008382BF = {
						CreatedOnToolsVersion = 13.3.1;
						TestTargetID = B88B24CF2833C894008382BF;
					};
				};
			};
			buildConfigurationList = B88B24BE2833C892008382BF /* Build configuration list for PBXProject "Banker" */;
			compatibilityVersion = "Xcode 13.0";
			developmentRegion = en;
			hasScannedForEncodings = 0;
			knownRegions = (
				en,
				Base,
			);
			mainGroup = B88B24BA2833C892008382BF;
			productRefGroup = B88B24CB2833C894008382BF /* Products */;
			projectDirPath = "";
			projectRoot = "";
			targets = (
				B88B24C92833C894008382BF /* Banker (iOS) */,
				B88B24CF2833C894008382BF /* Banker (macOS) */,
				B88B24D62833C894008382BF /* Tests iOS */,
				B88B24E22833C894008382BF /* Tests macOS */,
			);
		};
/* End PBXProject section */

/* Begin PBXResourcesBuildPhase section */
		B88B24C82833C894008382BF /* Resources */ = {
			isa = PBXResourcesBuildPhase;
			buildActionMask = 2147483647;
			files = (
				B88B25092833CE2E008382BF /* .swiftlint.yml in Resources */,
				B88B24F32833C894008382BF /* Assets.xcassets in Resources */,
			);
			runOnlyForDeploymentPostprocessing = 0;
		};
		B88B24CE2833C894008382BF /* Resources */ = {
			isa = PBXResourcesBuildPhase;
			buildActionMask = 2147483647;
			files = (
				B88B24F42833C894008382BF /* Assets.xcassets in Resources */,
			);
			runOnlyForDeploymentPostprocessing = 0;
		};
		B88B24D52833C894008382BF /* Resources */ = {
			isa = PBXResourcesBuildPhase;
			buildActionMask = 2147483647;
			files = (
			);
			runOnlyForDeploymentPostprocessing = 0;
		};
		B88B24E12833C894008382BF /* Resources */ = {
			isa = PBXResourcesBuildPhase;
			buildActionMask = 2147483647;
			files = (
			);
			runOnlyForDeploymentPostprocessing = 0;
		};
/* End PBXResourcesBuildPhase section */

/* Begin PBXShellScriptBuildPhase section */
		B88B25072833CD97008382BF /* Swift Lint */ = {
			isa = PBXShellScriptBuildPhase;
			buildActionMask = 2147483647;
			files = (
			);
			inputFileListPaths = (
			);
			inputPaths = (
			);
			name = "Swift Lint";
			outputFileListPaths = (
			);
			outputPaths = (
			);
			runOnlyForDeploymentPostprocessing = 0;
			shellPath = /bin/sh;
			shellScript = "# Type a script or drag a script file from your workspace to insert its path.\nif which swiftlint >/dev/null; then\n  swiftlint\nelse\n  echo \"warning: SwiftLint not installed, download from https://github.com/realm/SwiftLint\"\nfi\n";
		};
/* End PBXShellScriptBuildPhase section */

/* Begin PBXSourcesBuildPhase section */
		B88B24C62833C894008382BF /* Sources */ = {
			isa = PBXSourcesBuildPhase;
			buildActionMask = 2147483647;
			files = (
				B88B24ED2833C894008382BF /* BankerApp.swift in Sources */,
				B88B24F12833C894008382BF /* Persistence.swift in Sources */,
				B88B25062833CC56008382BF /* Home.swift in Sources */,
				B87AB5062835449000152C16 /* TaskViewModel.swift in Sources */,
				B88B24EF2833C894008382BF /* ContentView.swift in Sources */,
				B87AB50828354C0300152C16 /* AddNewTask.swift in Sources */,
			);
			runOnlyForDeploymentPostprocessing = 0;
		};
		B88B24CC2833C894008382BF /* Sources */ = {
			isa = PBXSourcesBuildPhase;
			buildActionMask = 2147483647;
			files = (
				B88B24EE2833C894008382BF /* BankerApp.swift in Sources */,
				B88B24F22833C894008382BF /* Persistence.swift in Sources */,
				B88B24F02833C894008382BF /* ContentView.swift in Sources */,
			);
			runOnlyForDeploymentPostprocessing = 0;
		};
		B88B24D32833C894008382BF /* Sources */ = {
			isa = PBXSourcesBuildPhase;
			buildActionMask = 2147483647;
			files = (
				B88B24DE2833C894008382BF /* Tests_iOSLaunchTests.swift in Sources */,
				B88B24DC2833C894008382BF /* Tests_iOS.swift in Sources */,
			);
			runOnlyForDeploymentPostprocessing = 0;
		};
		B88B24DF2833C894008382BF /* Sources */ = {
			isa = PBXSourcesBuildPhase;
			buildActionMask = 2147483647;
			files = (
				B88B24EA2833C894008382BF /* Tests_macOSLaunchTests.swift in Sources */,
				B88B24E82833C894008382BF /* Tests_macOS.swift in Sources */,
			);
			runOnlyForDeploymentPostprocessing = 0;
		};
/* End PBXSourcesBuildPhase section */

/* Begin PBXTargetDependency section */
		B88B24D92833C894008382BF /* PBXTargetDependency */ = {
			isa = PBXTargetDependency;
			target = B88B24C92833C894008382BF /* Banker (iOS) */;
			targetProxy = B88B24D82833C894008382BF /* PBXContainerItemProxy */;
		};
		B88B24E52833C894008382BF /* PBXTargetDependency */ = {
			isa = PBXTargetDependency;
			target = B88B24CF2833C894008382BF /* Banker (macOS) */;
			targetProxy = B88B24E42833C894008382BF /* PBXContainerItemProxy */;
		};
/* End PBXTargetDependency section */

/* Begin XCBuildConfiguration section */
		B88B24F52833C894008382BF /* Debug */ = {
			isa = XCBuildConfiguration;
			buildSettings = {
				ALWAYS_SEARCH_USER_PATHS = NO;
				CLANG_ANALYZER_NONNULL = YES;
				CLANG_ANALYZER_NUMBER_OBJECT_CONVERSION = YES_AGGRESSIVE;
				CLANG_CXX_LANGUAGE_STANDARD = "gnu++17";
				CLANG_ENABLE_MODULES = YES;
				CLANG_ENABLE_OBJC_ARC = YES;
				CLANG_ENABLE_OBJC_WEAK = YES;
				CLANG_WARN_BLOCK_CAPTURE_AUTORELEASING = YES;
				CLANG_WARN_BOOL_CONVERSION = YES;
				CLANG_WARN_COMMA = YES;
				CLANG_WARN_CONSTANT_CONVERSION = YES;
				CLANG_WARN_DEPRECATED_OBJC_IMPLEMENTATIONS = YES;
				CLANG_WARN_DIRECT_OBJC_ISA_USAGE = YES_ERROR;
				CLANG_WARN_DOCUMENTATION_COMMENTS = YES;
				CLANG_WARN_EMPTY_BODY = YES;
				CLANG_WARN_ENUM_CONVERSION = YES;
				CLANG_WARN_INFINITE_RECURSION = YES;
				CLANG_WARN_INT_CONVERSION = YES;
				CLANG_WARN_NON_LITERAL_NULL_CONVERSION = YES;
				CLANG_WARN_OBJC_IMPLICIT_RETAIN_SELF = YES;
				CLANG_WARN_OBJC_LITERAL_CONVERSION = YES;
				CLANG_WARN_OBJC_ROOT_CLASS = YES_ERROR;
				CLANG_WARN_QUOTED_INCLUDE_IN_FRAMEWORK_HEADER = YES;
				CLANG_WARN_RANGE_LOOP_ANALYSIS = YES;
				CLANG_WARN_STRICT_PROTOTYPES = YES;
				CLANG_WARN_SUSPICIOUS_MOVE = YES;
				CLANG_WARN_UNGUARDED_AVAILABILITY = YES_AGGRESSIVE;
				CLANG_WARN_UNREACHABLE_CODE = YES;
				CLANG_WARN__DUPLICATE_METHOD_MATCH = YES;
				COPY_PHASE_STRIP = NO;
				DEBUG_INFORMATION_FORMAT = dwarf;
				ENABLE_STRICT_OBJC_MSGSEND = YES;
				ENABLE_TESTABILITY = YES;
				GCC_C_LANGUAGE_STANDARD = gnu11;
				GCC_DYNAMIC_NO_PIC = NO;
				GCC_NO_COMMON_BLOCKS = YES;
				GCC_OPTIMIZATION_LEVEL = 0;
				GCC_PREPROCESSOR_DEFINITIONS = (
					"DEBUG=1",
					"$(inherited)",
				);
				GCC_WARN_64_TO_32_BIT_CONVERSION = YES;
				GCC_WARN_ABOUT_RETURN_TYPE = YES_ERROR;
				GCC_WARN_UNDECLARED_SELECTOR = YES;
				GCC_WARN_UNINITIALIZED_AUTOS = YES_AGGRESSIVE;
				GCC_WARN_UNUSED_FUNCTION = YES;
				GCC_WARN_UNUSED_VARIABLE = YES;
				MTL_ENABLE_DEBUG_INFO = INCLUDE_SOURCE;
				MTL_FAST_MATH = YES;
				ONLY_ACTIVE_ARCH = YES;
				SWIFT_ACTIVE_COMPILATION_CONDITIONS = DEBUG;
				SWIFT_OPTIMIZATION_LEVEL = "-Onone";
			};
			name = Debug;
		};
		B88B24F62833C894008382BF /* Release */ = {
			isa = XCBuildConfiguration;
			buildSettings = {
				ALWAYS_SEARCH_USER_PATHS = NO;
				CLANG_ANALYZER_NONNULL = YES;
				CLANG_ANALYZER_NUMBER_OBJECT_CONVERSION = YES_AGGRESSIVE;
				CLANG_CXX_LANGUAGE_STANDARD = "gnu++17";
				CLANG_ENABLE_MODULES = YES;
				CLANG_ENABLE_OBJC_ARC = YES;
				CLANG_ENABLE_OBJC_WEAK = YES;
				CLANG_WARN_BLOCK_CAPTURE_AUTORELEASING = YES;
				CLANG_WARN_BOOL_CONVERSION = YES;
				CLANG_WARN_COMMA = YES;
				CLANG_WARN_CONSTANT_CONVERSION = YES;
				CLANG_WARN_DEPRECATED_OBJC_IMPLEMENTATIONS = YES;
				CLANG_WARN_DIRECT_OBJC_ISA_USAGE = YES_ERROR;
				CLANG_WARN_DOCUMENTATION_COMMENTS = YES;
				CLANG_WARN_EMPTY_BODY = YES;
				CLANG_WARN_ENUM_CONVERSION = YES;
				CLANG_WARN_INFINITE_RECURSION = YES;
				CLANG_WARN_INT_CONVERSION = YES;
				CLANG_WARN_NON_LITERAL_NULL_CONVERSION = YES;
				CLANG_WARN_OBJC_IMPLICIT_RETAIN_SELF = YES;
				CLANG_WARN_OBJC_LITERAL_CONVERSION = YES;
				CLANG_WARN_OBJC_ROOT_CLASS = YES_ERROR;
				CLANG_WARN_QUOTED_INCLUDE_IN_FRAMEWORK_HEADER = YES;
				CLANG_WARN_RANGE_LOOP_ANALYSIS = YES;
				CLANG_WARN_STRICT_PROTOTYPES = YES;
				CLANG_WARN_SUSPICIOUS_MOVE = YES;
				CLANG_WARN_UNGUARDED_AVAILABILITY = YES_AGGRESSIVE;
				CLANG_WARN_UNREACHABLE_CODE = YES;
				CLANG_WARN__DUPLICATE_METHOD_MATCH = YES;
				COPY_PHASE_STRIP = NO;
				DEBUG_INFORMATION_FORMAT = "dwarf-with-dsym";
				ENABLE_NS_ASSERTIONS = NO;
				ENABLE_STRICT_OBJC_MSGSEND = YES;
				GCC_C_LANGUAGE_STANDARD = gnu11;
				GCC_NO_COMMON_BLOCKS = YES;
				GCC_WARN_64_TO_32_BIT_CONVERSION = YES;
				GCC_WARN_ABOUT_RETURN_TYPE = YES_ERROR;
				GCC_WARN_UNDECLARED_SELECTOR = YES;
				GCC_WARN_UNINITIALIZED_AUTOS = YES_AGGRESSIVE;
				GCC_WARN_UNUSED_FUNCTION = YES;
				GCC_WARN_UNUSED_VARIABLE = YES;
				MTL_ENABLE_DEBUG_INFO = NO;
				MTL_FAST_MATH = YES;
				SWIFT_COMPILATION_MODE = wholemodule;
				SWIFT_OPTIMIZATION_LEVEL = "-O";
			};
			name = Release;
		};
		B88B24F82833C894008382BF /* Debug */ = {
			isa = XCBuildConfiguration;
			buildSettings = {
				ASSETCATALOG_COMPILER_APPICON_NAME = AppIcon;
				ASSETCATALOG_COMPILER_GLOBAL_ACCENT_COLOR_NAME = AccentColor;
				CODE_SIGN_STYLE = Automatic;
				CURRENT_PROJECT_VERSION = 1;
				DEVELOPMENT_TEAM = A6V68BVP7Q;
				ENABLE_PREVIEWS = YES;
				GENERATE_INFOPLIST_FILE = YES;
				INFOPLIST_KEY_UIApplicationSceneManifest_Generation = YES;
				INFOPLIST_KEY_UIApplicationSupportsIndirectInputEvents = YES;
				INFOPLIST_KEY_UILaunchScreen_Generation = YES;
				INFOPLIST_KEY_UISupportedInterfaceOrientations_iPad = "UIInterfaceOrientationPortrait UIInterfaceOrientationPortraitUpsideDown UIInterfaceOrientationLandscapeLeft UIInterfaceOrientationLandscapeRight";
				INFOPLIST_KEY_UISupportedInterfaceOrientations_iPhone = "UIInterfaceOrientationPortrait UIInterfaceOrientationLandscapeLeft UIInterfaceOrientationLandscapeRight";
				IPHONEOS_DEPLOYMENT_TARGET = 15.4;
				LD_RUNPATH_SEARCH_PATHS = (
					"$(inherited)",
					"@executable_path/Frameworks",
				);
				MARKETING_VERSION = 1.0;
				PRODUCT_BUNDLE_IDENTIFIER = com.flopset.Banker;
				PRODUCT_NAME = Banker;
				SDKROOT = iphoneos;
				SWIFT_EMIT_LOC_STRINGS = YES;
				SWIFT_VERSION = 5.0;
				TARGETED_DEVICE_FAMILY = "1,2";
			};
			name = Debug;
		};
		B88B24F92833C894008382BF /* Release */ = {
			isa = XCBuildConfiguration;
			buildSettings = {
				ASSETCATALOG_COMPILER_APPICON_NAME = AppIcon;
				ASSETCATALOG_COMPILER_GLOBAL_ACCENT_COLOR_NAME = AccentColor;
				CODE_SIGN_STYLE = Automatic;
				CURRENT_PROJECT_VERSION = 1;
				DEVELOPMENT_TEAM = A6V68BVP7Q;
				ENABLE_PREVIEWS = YES;
				GENERATE_INFOPLIST_FILE = YES;
				INFOPLIST_KEY_UIApplicationSceneManifest_Generation = YES;
				INFOPLIST_KEY_UIApplicationSupportsIndirectInputEvents = YES;
				INFOPLIST_KEY_UILaunchScreen_Generation = YES;
				INFOPLIST_KEY_UISupportedInterfaceOrientations_iPad = "UIInterfaceOrientationPortrait UIInterfaceOrientationPortraitUpsideDown UIInterfaceOrientationLandscapeLeft UIInterfaceOrientationLandscapeRight";
				INFOPLIST_KEY_UISupportedInterfaceOrientations_iPhone = "UIInterfaceOrientationPortrait UIInterfaceOrientationLandscapeLeft UIInterfaceOrientationLandscapeRight";
				IPHONEOS_DEPLOYMENT_TARGET = 15.4;
				LD_RUNPATH_SEARCH_PATHS = (
					"$(inherited)",
					"@executable_path/Frameworks",
				);
				MARKETING_VERSION = 1.0;
				PRODUCT_BUNDLE_IDENTIFIER = com.flopset.Banker;
				PRODUCT_NAME = Banker;
				SDKROOT = iphoneos;
				SWIFT_EMIT_LOC_STRINGS = YES;
				SWIFT_VERSION = 5.0;
				TARGETED_DEVICE_FAMILY = "1,2";
				VALIDATE_PRODUCT = YES;
			};
			name = Release;
		};
		B88B24FB2833C894008382BF /* Debug */ = {
			isa = XCBuildConfiguration;
			buildSettings = {
				ASSETCATALOG_COMPILER_APPICON_NAME = AppIcon;
				ASSETCATALOG_COMPILER_GLOBAL_ACCENT_COLOR_NAME = AccentColor;
				CODE_SIGN_ENTITLEMENTS = macOS/macOS.entitlements;
				CODE_SIGN_STYLE = Automatic;
				COMBINE_HIDPI_IMAGES = YES;
				CURRENT_PROJECT_VERSION = 1;
				ENABLE_PREVIEWS = YES;
				GENERATE_INFOPLIST_FILE = YES;
				INFOPLIST_KEY_NSHumanReadableCopyright = "";
				LD_RUNPATH_SEARCH_PATHS = (
					"$(inherited)",
					"@executable_path/../Frameworks",
				);
				MACOSX_DEPLOYMENT_TARGET = 12.3;
				MARKETING_VERSION = 1.0;
				PRODUCT_BUNDLE_IDENTIFIER = com.flopset.Banker;
				PRODUCT_NAME = Banker;
				SDKROOT = macosx;
				SWIFT_EMIT_LOC_STRINGS = YES;
				SWIFT_VERSION = 5.0;
			};
			name = Debug;
		};
		B88B24FC2833C894008382BF /* Release */ = {
			isa = XCBuildConfiguration;
			buildSettings = {
				ASSETCATALOG_COMPILER_APPICON_NAME = AppIcon;
				ASSETCATALOG_COMPILER_GLOBAL_ACCENT_COLOR_NAME = AccentColor;
				CODE_SIGN_ENTITLEMENTS = macOS/macOS.entitlements;
				CODE_SIGN_STYLE = Automatic;
				COMBINE_HIDPI_IMAGES = YES;
				CURRENT_PROJECT_VERSION = 1;
				ENABLE_PREVIEWS = YES;
				GENERATE_INFOPLIST_FILE = YES;
				INFOPLIST_KEY_NSHumanReadableCopyright = "";
				LD_RUNPATH_SEARCH_PATHS = (
					"$(inherited)",
					"@executable_path/../Frameworks",
				);
				MACOSX_DEPLOYMENT_TARGET = 12.3;
				MARKETING_VERSION = 1.0;
				PRODUCT_BUNDLE_IDENTIFIER = com.flopset.Banker;
				PRODUCT_NAME = Banker;
				SDKROOT = macosx;
				SWIFT_EMIT_LOC_STRINGS = YES;
				SWIFT_VERSION = 5.0;
			};
			name = Release;
		};
		B88B24FE2833C894008382BF /* Debug */ = {
			isa = XCBuildConfiguration;
			buildSettings = {
				ALWAYS_EMBED_SWIFT_STANDARD_LIBRARIES = YES;
				CODE_SIGN_STYLE = Automatic;
				CURRENT_PROJECT_VERSION = 1;
				GENERATE_INFOPLIST_FILE = YES;
				IPHONEOS_DEPLOYMENT_TARGET = 15.4;
				MARKETING_VERSION = 1.0;
				PRODUCT_BUNDLE_IDENTIFIER = "com.flopset.Tests-iOS";
				PRODUCT_NAME = "$(TARGET_NAME)";
				SDKROOT = iphoneos;
				SWIFT_EMIT_LOC_STRINGS = NO;
				SWIFT_VERSION = 5.0;
				TARGETED_DEVICE_FAMILY = "1,2";
				TEST_TARGET_NAME = "Banker (iOS)";
			};
			name = Debug;
		};
		B88B24FF2833C894008382BF /* Release */ = {
			isa = XCBuildConfiguration;
			buildSettings = {
				ALWAYS_EMBED_SWIFT_STANDARD_LIBRARIES = YES;
				CODE_SIGN_STYLE = Automatic;
				CURRENT_PROJECT_VERSION = 1;
				GENERATE_INFOPLIST_FILE = YES;
				IPHONEOS_DEPLOYMENT_TARGET = 15.4;
				MARKETING_VERSION = 1.0;
				PRODUCT_BUNDLE_IDENTIFIER = "com.flopset.Tests-iOS";
				PRODUCT_NAME = "$(TARGET_NAME)";
				SDKROOT = iphoneos;
				SWIFT_EMIT_LOC_STRINGS = NO;
				SWIFT_VERSION = 5.0;
				TARGETED_DEVICE_FAMILY = "1,2";
				TEST_TARGET_NAME = "Banker (iOS)";
				VALIDATE_PRODUCT = YES;
			};
			name = Release;
		};
		B88B25012833C894008382BF /* Debug */ = {
			isa = XCBuildConfiguration;
			buildSettings = {
				ALWAYS_EMBED_SWIFT_STANDARD_LIBRARIES = YES;
				CODE_SIGN_STYLE = Automatic;
				CURRENT_PROJECT_VERSION = 1;
				GENERATE_INFOPLIST_FILE = YES;
				MACOSX_DEPLOYMENT_TARGET = 12.3;
				MARKETING_VERSION = 1.0;
				PRODUCT_BUNDLE_IDENTIFIER = "com.flopset.Tests-macOS";
				PRODUCT_NAME = "$(TARGET_NAME)";
				SDKROOT = macosx;
				SWIFT_EMIT_LOC_STRINGS = NO;
				SWIFT_VERSION = 5.0;
				TEST_TARGET_NAME = "Banker (macOS)";
			};
			name = Debug;
		};
		B88B25022833C894008382BF /* Release */ = {
			isa = XCBuildConfiguration;
			buildSettings = {
				ALWAYS_EMBED_SWIFT_STANDARD_LIBRARIES = YES;
				CODE_SIGN_STYLE = Automatic;
				CURRENT_PROJECT_VERSION = 1;
				GENERATE_INFOPLIST_FILE = YES;
				MACOSX_DEPLOYMENT_TARGET = 12.3;
				MARKETING_VERSION = 1.0;
				PRODUCT_BUNDLE_IDENTIFIER = "com.flopset.Tests-macOS";
				PRODUCT_NAME = "$(TARGET_NAME)";
				SDKROOT = macosx;
				SWIFT_EMIT_LOC_STRINGS = NO;
				SWIFT_VERSION = 5.0;
				TEST_TARGET_NAME = "Banker (macOS)";
			};
			name = Release;
		};
/* End XCBuildConfiguration section */

/* Begin XCConfigurationList section */
		B88B24BE2833C892008382BF /* Build configuration list for PBXProject "Banker" */ = {
			isa = XCConfigurationList;
			buildConfigurations = (
				B88B24F52833C894008382BF /* Debug */,
				B88B24F62833C894008382BF /* Release */,
			);
			defaultConfigurationIsVisible = 0;
			defaultConfigurationName = Release;
		};
		B88B24F72833C894008382BF /* Build configuration list for PBXNativeTarget "Banker (iOS)" */ = {
			isa = XCConfigurationList;
			buildConfigurations = (
				B88B24F82833C894008382BF /* Debug */,
				B88B24F92833C894008382BF /* Release */,
			);
			defaultConfigurationIsVisible = 0;
			defaultConfigurationName = Release;
		};
		B88B24FA2833C894008382BF /* Build configuration list for PBXNativeTarget "Banker (macOS)" */ = {
			isa = XCConfigurationList;
			buildConfigurations = (
				B88B24FB2833C894008382BF /* Debug */,
				B88B24FC2833C894008382BF /* Release */,
			);
			defaultConfigurationIsVisible = 0;
			defaultConfigurationName = Release;
		};
		B88B24FD2833C894008382BF /* Build configuration list for PBXNativeTarget "Tests iOS" */ = {
			isa = XCConfigurationList;
			buildConfigurations = (
				B88B24FE2833C894008382BF /* Debug */,
				B88B24FF2833C894008382BF /* Release */,
			);
			defaultConfigurationIsVisible = 0;
			defaultConfigurationName = Release;
		};
		B88B25002833C894008382BF /* Build configuration list for PBXNativeTarget "Tests macOS" */ = {
			isa = XCConfigurationList;
			buildConfigurations = (
				B88B25012833C894008382BF /* Debug */,
				B88B25022833C894008382BF /* Release */,
			);
			defaultConfigurationIsVisible = 0;
			defaultConfigurationName = Release;
		};
/* End XCConfigurationList section */
	};
	rootObject = B88B24BB2833C892008382BF /* Project object */;
}
